// !$*UTF8*$!
{
	archiveVersion = 1;
	classes = {
	};
	objectVersion = 55;
	objects = {

/* Begin PBXBuildFile section */
		43AA8ACA286A3C34002E2504 /* AppDelegate.swift in Sources */ = {isa = PBXBuildFile; fileRef = 43AA8AC9286A3C34002E2504 /* AppDelegate.swift */; };
		43AA8ACC286A3C34002E2504 /* SceneDelegate.swift in Sources */ = {isa = PBXBuildFile; fileRef = 43AA8ACB286A3C34002E2504 /* SceneDelegate.swift */; };
		43AA8AD1286A3C34002E2504 /* Main.storyboard in Resources */ = {isa = PBXBuildFile; fileRef = 43AA8ACF286A3C34002E2504 /* Main.storyboard */; };
		43AA8AD4286A3C34002E2504 /* ToDoList.xcdatamodeld in Sources */ = {isa = PBXBuildFile; fileRef = 43AA8AD2286A3C34002E2504 /* ToDoList.xcdatamodeld */; };
		43AA8AD6286A3C36002E2504 /* Assets.xcassets in Resources */ = {isa = PBXBuildFile; fileRef = 43AA8AD5286A3C36002E2504 /* Assets.xcassets */; };
		43AA8AD9286A3C36002E2504 /* LaunchScreen.storyboard in Resources */ = {isa = PBXBuildFile; fileRef = 43AA8AD7286A3C36002E2504 /* LaunchScreen.storyboard */; };
		43AA8AE4286A3C36002E2504 /* ToDoListTests.swift in Sources */ = {isa = PBXBuildFile; fileRef = 43AA8AE3286A3C36002E2504 /* ToDoListTests.swift */; };
		43AA8AEE286A3C36002E2504 /* ToDoListUITests.swift in Sources */ = {isa = PBXBuildFile; fileRef = 43AA8AED286A3C36002E2504 /* ToDoListUITests.swift */; };
		43AA8AF0286A3C36002E2504 /* ToDoListUITestsLaunchTests.swift in Sources */ = {isa = PBXBuildFile; fileRef = 43AA8AEF286A3C36002E2504 /* ToDoListUITestsLaunchTests.swift */; };
		43AA8AFF286A422F002E2504 /* TableViewController.swift in Sources */ = {isa = PBXBuildFile; fileRef = 43AA8AFE286A422F002E2504 /* TableViewController.swift */; };
		43AA8B01286A42FA002E2504 /* ToDo.swift in Sources */ = {isa = PBXBuildFile; fileRef = 43AA8B00286A42FA002E2504 /* ToDo.swift */; };
/* End PBXBuildFile section */

/* Begin PBXContainerItemProxy section */
		43AA8AE0286A3C36002E2504 /* PBXContainerItemProxy */ = {
			isa = PBXContainerItemProxy;
			containerPortal = 43AA8ABE286A3C34002E2504 /* Project object */;
			proxyType = 1;
			remoteGlobalIDString = 43AA8AC5286A3C34002E2504;
			remoteInfo = ToDoList;
		};
		43AA8AEA286A3C36002E2504 /* PBXContainerItemProxy */ = {
			isa = PBXContainerItemProxy;
			containerPortal = 43AA8ABE286A3C34002E2504 /* Project object */;
			proxyType = 1;
			remoteGlobalIDString = 43AA8AC5286A3C34002E2504;
			remoteInfo = ToDoList;
		};
/* End PBXContainerItemProxy section */

/* Begin PBXFileReference section */
		43AA8AC6286A3C34002E2504 /* ToDoList.app */ = {isa = PBXFileReference; explicitFileType = wrapper.application; includeInIndex = 0; path = ToDoList.app; sourceTree = BUILT_PRODUCTS_DIR; };
		43AA8AC9286A3C34002E2504 /* AppDelegate.swift */ = {isa = PBXFileReference; lastKnownFileType = sourcecode.swift; path = AppDelegate.swift; sourceTree = "<group>"; };
		43AA8ACB286A3C34002E2504 /* SceneDelegate.swift */ = {isa = PBXFileReference; lastKnownFileType = sourcecode.swift; path = SceneDelegate.swift; sourceTree = "<group>"; };
		43AA8AD0286A3C34002E2504 /* Base */ = {isa = PBXFileReference; lastKnownFileType = file.storyboard; name = Base; path = Base.lproj/Main.storyboard; sourceTree = "<group>"; };
		43AA8AD3286A3C34002E2504 /* ToDoList.xcdatamodel */ = {isa = PBXFileReference; lastKnownFileType = wrapper.xcdatamodel; path = ToDoList.xcdatamodel; sourceTree = "<group>"; };
		43AA8AD5286A3C36002E2504 /* Assets.xcassets */ = {isa = PBXFileReference; lastKnownFileType = folder.assetcatalog; path = Assets.xcassets; sourceTree = "<group>"; };
		43AA8AD8286A3C36002E2504 /* Base */ = {isa = PBXFileReference; lastKnownFileType = file.storyboard; name = Base; path = Base.lproj/LaunchScreen.storyboard; sourceTree = "<group>"; };
		43AA8ADA286A3C36002E2504 /* Info.plist */ = {isa = PBXFileReference; lastKnownFileType = text.plist.xml; path = Info.plist; sourceTree = "<group>"; };
		43AA8ADF286A3C36002E2504 /* ToDoListTests.xctest */ = {isa = PBXFileReference; explicitFileType = wrapper.cfbundle; includeInIndex = 0; path = ToDoListTests.xctest; sourceTree = BUILT_PRODUCTS_DIR; };
		43AA8AE3286A3C36002E2504 /* ToDoListTests.swift */ = {isa = PBXFileReference; lastKnownFileType = sourcecode.swift; path = ToDoListTests.swift; sourceTree = "<group>"; };
		43AA8AE9286A3C36002E2504 /* ToDoListUITests.xctest */ = {isa = PBXFileReference; explicitFileType = wrapper.cfbundle; includeInIndex = 0; path = ToDoListUITests.xctest; sourceTree = BUILT_PRODUCTS_DIR; };
		43AA8AED286A3C36002E2504 /* ToDoListUITests.swift */ = {isa = PBXFileReference; lastKnownFileType = sourcecode.swift; path = ToDoListUITests.swift; sourceTree = "<group>"; };
		43AA8AEF286A3C36002E2504 /* ToDoListUITestsLaunchTests.swift */ = {isa = PBXFileReference; lastKnownFileType = sourcecode.swift; path = ToDoListUITestsLaunchTests.swift; sourceTree = "<group>"; };
		43AA8AFE286A422F002E2504 /* TableViewController.swift */ = {isa = PBXFileReference; lastKnownFileType = sourcecode.swift; path = TableViewController.swift; sourceTree = "<group>"; };
		43AA8B00286A42FA002E2504 /* ToDo.swift */ = {isa = PBXFileReference; lastKnownFileType = sourcecode.swift; path = ToDo.swift; sourceTree = "<group>"; };
/* End PBXFileReference section */

/* Begin PBXFrameworksBuildPhase section */
		43AA8AC3286A3C34002E2504 /* Frameworks */ = {
			isa = PBXFrameworksBuildPhase;
			buildActionMask = 2147483647;
			files = (
			);
			runOnlyForDeploymentPostprocessing = 0;
		};
		43AA8ADC286A3C36002E2504 /* Frameworks */ = {
			isa = PBXFrameworksBuildPhase;
			buildActionMask = 2147483647;
			files = (
			);
			runOnlyForDeploymentPostprocessing = 0;
		};
		43AA8AE6286A3C36002E2504 /* Frameworks */ = {
			isa = PBXFrameworksBuildPhase;
			buildActionMask = 2147483647;
			files = (
			);
			runOnlyForDeploymentPostprocessing = 0;
		};
/* End PBXFrameworksBuildPhase section */

/* Begin PBXGroup section */
		43AA8ABD286A3C34002E2504 = {
			isa = PBXGroup;
			children = (
				43AA8B00286A42FA002E2504 /* ToDo.swift */,
				43AA8AFE286A422F002E2504 /* TableViewController.swift */,
				43AA8AC8286A3C34002E2504 /* ToDoList */,
				43AA8AE2286A3C36002E2504 /* ToDoListTests */,
				43AA8AEC286A3C36002E2504 /* ToDoListUITests */,
				43AA8AC7286A3C34002E2504 /* Products */,
			);
			sourceTree = "<group>";
		};
		43AA8AC7286A3C34002E2504 /* Products */ = {
			isa = PBXGroup;
			children = (
				43AA8AC6286A3C34002E2504 /* ToDoList.app */,
				43AA8ADF286A3C36002E2504 /* ToDoListTests.xctest */,
				43AA8AE9286A3C36002E2504 /* ToDoListUITests.xctest */,
			);
			name = Products;
			sourceTree = "<group>";
		};
		43AA8AC8286A3C34002E2504 /* ToDoList */ = {
			isa = PBXGroup;
			children = (
				43AA8AC9286A3C34002E2504 /* AppDelegate.swift */,
				43AA8ACB286A3C34002E2504 /* SceneDelegate.swift */,
				43AA8ACF286A3C34002E2504 /* Main.storyboard */,
				43AA8AD5286A3C36002E2504 /* Assets.xcassets */,
				43AA8AD7286A3C36002E2504 /* LaunchScreen.storyboard */,
				43AA8ADA286A3C36002E2504 /* Info.plist */,
				43AA8AD2286A3C34002E2504 /* ToDoList.xcdatamodeld */,
			);
			path = ToDoList;
			sourceTree = "<group>";
		};
		43AA8AE2286A3C36002E2504 /* ToDoListTests */ = {
			isa = PBXGroup;
			children = (
				43AA8AE3286A3C36002E2504 /* ToDoListTests.swift */,
			);
			path = ToDoListTests;
			sourceTree = "<group>";
		};
		43AA8AEC286A3C36002E2504 /* ToDoListUITests */ = {
			isa = PBXGroup;
			children = (
				43AA8AED286A3C36002E2504 /* ToDoListUITests.swift */,
				43AA8AEF286A3C36002E2504 /* ToDoListUITestsLaunchTests.swift */,
			);
			path = ToDoListUITests;
			sourceTree = "<group>";
		};
/* End PBXGroup section */

/* Begin PBXNativeTarget section */
		43AA8AC5286A3C34002E2504 /* ToDoList */ = {
			isa = PBXNativeTarget;
			buildConfigurationList = 43AA8AF3286A3C36002E2504 /* Build configuration list for PBXNativeTarget "ToDoList" */;
			buildPhases = (
				43AA8AC2286A3C34002E2504 /* Sources */,
				43AA8AC3286A3C34002E2504 /* Frameworks */,
				43AA8AC4286A3C34002E2504 /* Resources */,
			);
			buildRules = (
			);
			dependencies = (
			);
			name = ToDoList;
			productName = ToDoList;
			productReference = 43AA8AC6286A3C34002E2504 /* ToDoList.app */;
			productType = "com.apple.product-type.application";
		};
		43AA8ADE286A3C36002E2504 /* ToDoListTests */ = {
			isa = PBXNativeTarget;
			buildConfigurationList = 43AA8AF6286A3C36002E2504 /* Build configuration list for PBXNativeTarget "ToDoListTests" */;
			buildPhases = (
				43AA8ADB286A3C36002E2504 /* Sources */,
				43AA8ADC286A3C36002E2504 /* Frameworks */,
				43AA8ADD286A3C36002E2504 /* Resources */,
			);
			buildRules = (
			);
			dependencies = (
				43AA8AE1286A3C36002E2504 /* PBXTargetDependency */,
			);
			name = ToDoListTests;
			productName = ToDoListTests;
			productReference = 43AA8ADF286A3C36002E2504 /* ToDoListTests.xctest */;
			productType = "com.apple.product-type.bundle.unit-test";
		};
		43AA8AE8286A3C36002E2504 /* ToDoListUITests */ = {
			isa = PBXNativeTarget;
			buildConfigurationList = 43AA8AF9286A3C36002E2504 /* Build configuration list for PBXNativeTarget "ToDoListUITests" */;
			buildPhases = (
				43AA8AE5286A3C36002E2504 /* Sources */,
				43AA8AE6286A3C36002E2504 /* Frameworks */,
				43AA8AE7286A3C36002E2504 /* Resources */,
			);
			buildRules = (
			);
			dependencies = (
				43AA8AEB286A3C36002E2504 /* PBXTargetDependency */,
			);
			name = ToDoListUITests;
			productName = ToDoListUITests;
			productReference = 43AA8AE9286A3C36002E2504 /* ToDoListUITests.xctest */;
			productType = "com.apple.product-type.bundle.ui-testing";
		};
/* End PBXNativeTarget section */

/* Begin PBXProject section */
		43AA8ABE286A3C34002E2504 /* Project object */ = {
			isa = PBXProject;
			attributes = {
				BuildIndependentTargetsInParallel = 1;
				LastSwiftUpdateCheck = 1300;
				LastUpgradeCheck = 1300;
				TargetAttributes = {
					43AA8AC5286A3C34002E2504 = {
						CreatedOnToolsVersion = 13.0;
					};
					43AA8ADE286A3C36002E2504 = {
						CreatedOnToolsVersion = 13.0;
						TestTargetID = 43AA8AC5286A3C34002E2504;
					};
					43AA8AE8286A3C36002E2504 = {
						CreatedOnToolsVersion = 13.0;
						TestTargetID = 43AA8AC5286A3C34002E2504;
					};
				};
			};
			buildConfigurationList = 43AA8AC1286A3C34002E2504 /* Build configuration list for PBXProject "ToDoList" */;
			compatibilityVersion = "Xcode 13.0";
			developmentRegion = en;
			hasScannedForEncodings = 0;
			knownRegions = (
				en,
				Base,
			);
			mainGroup = 43AA8ABD286A3C34002E2504;
			productRefGroup = 43AA8AC7286A3C34002E2504 /* Products */;
			projectDirPath = "";
			projectRoot = "";
			targets = (
				43AA8AC5286A3C34002E2504 /* ToDoList */,
				43AA8ADE286A3C36002E2504 /* ToDoListTests */,
				43AA8AE8286A3C36002E2504 /* ToDoListUITests */,
			);
		};
/* End PBXProject section */

/* Begin PBXResourcesBuildPhase section */
		43AA8AC4286A3C34002E2504 /* Resources */ = {
			isa = PBXResourcesBuildPhase;
			buildActionMask = 2147483647;
			files = (
				43AA8AD9286A3C36002E2504 /* LaunchScreen.storyboard in Resources */,
				43AA8AD6286A3C36002E2504 /* Assets.xcassets in Resources */,
				43AA8AD1286A3C34002E2504 /* Main.storyboard in Resources */,
			);
			runOnlyForDeploymentPostprocessing = 0;
		};
		43AA8ADD286A3C36002E2504 /* Resources */ = {
			isa = PBXResourcesBuildPhase;
			buildActionMask = 2147483647;
			files = (
			);
			runOnlyForDeploymentPostprocessing = 0;
		};
		43AA8AE7286A3C36002E2504 /* Resources */ = {
			isa = PBXResourcesBuildPhase;
			buildActionMask = 2147483647;
			files = (
			);
			runOnlyForDeploymentPostprocessing = 0;
		};
/* End PBXResourcesBuildPhase section */

/* Begin PBXSourcesBuildPhase section */
		43AA8AC2286A3C34002E2504 /* Sources */ = {
			isa = PBXSourcesBuildPhase;
			buildActionMask = 2147483647;
			files = (
				43AA8ACA286A3C34002E2504 /* AppDelegate.swift in Sources */,
				43AA8B01286A42FA002E2504 /* ToDo.swift in Sources */,
				43AA8ACC286A3C34002E2504 /* SceneDelegate.swift in Sources */,
				43AA8AD4286A3C34002E2504 /* ToDoList.xcdatamodeld in Sources */,
				43AA8AFF286A422F002E2504 /* TableViewController.swift in Sources */,
			);
			runOnlyForDeploymentPostprocessing = 0;
		};
		43AA8ADB286A3C36002E2504 /* Sources */ = {
			isa = PBXSourcesBuildPhase;
			buildActionMask = 2147483647;
			files = (
				43AA8AE4286A3C36002E2504 /* ToDoListTests.swift in Sources */,
			);
			runOnlyForDeploymentPostprocessing = 0;
		};
		43AA8AE5286A3C36002E2504 /* Sources */ = {
			isa = PBXSourcesBuildPhase;
			buildActionMask = 2147483647;
			files = (
				43AA8AF0286A3C36002E2504 /* ToDoListUITestsLaunchTests.swift in Sources */,
				43AA8AEE286A3C36002E2504 /* ToDoListUITests.swift in Sources */,
			);
			runOnlyForDeploymentPostprocessing = 0;
		};
/* End PBXSourcesBuildPhase section */

/* Begin PBXTargetDependency section */
		43AA8AE1286A3C36002E2504 /* PBXTargetDependency */ = {
			isa = PBXTargetDependency;
			target = 43AA8AC5286A3C34002E2504 /* ToDoList */;
			targetProxy = 43AA8AE0286A3C36002E2504 /* PBXContainerItemProxy */;
		};
		43AA8AEB286A3C36002E2504 /* PBXTargetDependency */ = {
			isa = PBXTargetDependency;
			target = 43AA8AC5286A3C34002E2504 /* ToDoList */;
			targetProxy = 43AA8AEA286A3C36002E2504 /* PBXContainerItemProxy */;
		};
/* End PBXTargetDependency section */

/* Begin PBXVariantGroup section */
		43AA8ACF286A3C34002E2504 /* Main.storyboard */ = {
			isa = PBXVariantGroup;
			children = (
				43AA8AD0286A3C34002E2504 /* Base */,
			);
			name = Main.storyboard;
			sourceTree = "<group>";
		};
		43AA8AD7286A3C36002E2504 /* LaunchScreen.storyboard */ = {
			isa = PBXVariantGroup;
			children = (
				43AA8AD8286A3C36002E2504 /* Base */,
			);
			name = LaunchScreen.storyboard;
			sourceTree = "<group>";
		};
/* End PBXVariantGroup section */

/* Begin XCBuildConfiguration section */
		43AA8AF1286A3C36002E2504 /* Debug */ = {
			isa = XCBuildConfiguration;
			buildSettings = {
				ALWAYS_SEARCH_USER_PATHS = NO;
				CLANG_ANALYZER_NONNULL = YES;
				CLANG_ANALYZER_NUMBER_OBJECT_CONVERSION = YES_AGGRESSIVE;
				CLANG_CXX_LANGUAGE_STANDARD = "gnu++17";
				CLANG_CXX_LIBRARY = "libc++";
				CLANG_ENABLE_MODULES = YES;
				CLANG_ENABLE_OBJC_ARC = YES;
				CLANG_ENABLE_OBJC_WEAK = YES;
				CLANG_WARN_BLOCK_CAPTURE_AUTORELEASING = YES;
				CLANG_WARN_BOOL_CONVERSION = YES;
				CLANG_WARN_COMMA = YES;
				CLANG_WARN_CONSTANT_CONVERSION = YES;
				CLANG_WARN_DEPRECATED_OBJC_IMPLEMENTATIONS = YES;
				CLANG_WARN_DIRECT_OBJC_ISA_USAGE = YES_ERROR;
				CLANG_WARN_DOCUMENTATION_COMMENTS = YES;
				CLANG_WARN_EMPTY_BODY = YES;
				CLANG_WARN_ENUM_CONVERSION = YES;
				CLANG_WARN_INFINITE_RECURSION = YES;
				CLANG_WARN_INT_CONVERSION = YES;
				CLANG_WARN_NON_LITERAL_NULL_CONVERSION = YES;
				CLANG_WARN_OBJC_IMPLICIT_RETAIN_SELF = YES;
				CLANG_WARN_OBJC_LITERAL_CONVERSION = YES;
				CLANG_WARN_OBJC_ROOT_CLASS = YES_ERROR;
				CLANG_WARN_QUOTED_INCLUDE_IN_FRAMEWORK_HEADER = YES;
				CLANG_WARN_RANGE_LOOP_ANALYSIS = YES;
				CLANG_WARN_STRICT_PROTOTYPES = YES;
				CLANG_WARN_SUSPICIOUS_MOVE = YES;
				CLANG_WARN_UNGUARDED_AVAILABILITY = YES_AGGRESSIVE;
				CLANG_WARN_UNREACHABLE_CODE = YES;
				CLANG_WARN__DUPLICATE_METHOD_MATCH = YES;
				COPY_PHASE_STRIP = NO;
				DEBUG_INFORMATION_FORMAT = dwarf;
				ENABLE_STRICT_OBJC_MSGSEND = YES;
				ENABLE_TESTABILITY = YES;
				GCC_C_LANGUAGE_STANDARD = gnu11;
				GCC_DYNAMIC_NO_PIC = NO;
				GCC_NO_COMMON_BLOCKS = YES;
				GCC_OPTIMIZATION_LEVEL = 0;
				GCC_PREPROCESSOR_DEFINITIONS = (
					"DEBUG=1",
					"$(inherited)",
				);
				GCC_WARN_64_TO_32_BIT_CONVERSION = YES;
				GCC_WARN_ABOUT_RETURN_TYPE = YES_ERROR;
				GCC_WARN_UNDECLARED_SELECTOR = YES;
				GCC_WARN_UNINITIALIZED_AUTOS = YES_AGGRESSIVE;
				GCC_WARN_UNUSED_FUNCTION = YES;
				GCC_WARN_UNUSED_VARIABLE = YES;
				IPHONEOS_DEPLOYMENT_TARGET = 15.0;
				MTL_ENABLE_DEBUG_INFO = INCLUDE_SOURCE;
				MTL_FAST_MATH = YES;
				ONLY_ACTIVE_ARCH = YES;
				SDKROOT = iphoneos;
				SWIFT_ACTIVE_COMPILATION_CONDITIONS = DEBUG;
				SWIFT_OPTIMIZATION_LEVEL = "-Onone";
			};
			name = Debug;
		};
		43AA8AF2286A3C36002E2504 /* Release */ = {
			isa = XCBuildConfiguration;
			buildSettings = {
				ALWAYS_SEARCH_USER_PATHS = NO;
				CLANG_ANALYZER_NONNULL = YES;
				CLANG_ANALYZER_NUMBER_OBJECT_CONVERSION = YES_AGGRESSIVE;
				CLANG_CXX_LANGUAGE_STANDARD = "gnu++17";
				CLANG_CXX_LIBRARY = "libc++";
				CLANG_ENABLE_MODULES = YES;
				CLANG_ENABLE_OBJC_ARC = YES;
				CLANG_ENABLE_OBJC_WEAK = YES;
				CLANG_WARN_BLOCK_CAPTURE_AUTORELEASING = YES;
				CLANG_WARN_BOOL_CONVERSION = YES;
				CLANG_WARN_COMMA = YES;
				CLANG_WARN_CONSTANT_CONVERSION = YES;
				CLANG_WARN_DEPRECATED_OBJC_IMPLEMENTATIONS = YES;
				CLANG_WARN_DIRECT_OBJC_ISA_USAGE = YES_ERROR;
				CLANG_WARN_DOCUMENTATION_COMMENTS = YES;
				CLANG_WARN_EMPTY_BODY = YES;
				CLANG_WARN_ENUM_CONVERSION = YES;
				CLANG_WARN_INFINITE_RECURSION = YES;
				CLANG_WARN_INT_CONVERSION = YES;
				CLANG_WARN_NON_LITERAL_NULL_CONVERSION = YES;
				CLANG_WARN_OBJC_IMPLICIT_RETAIN_SELF = YES;
				CLANG_WARN_OBJC_LITERAL_CONVERSION = YES;
				CLANG_WARN_OBJC_ROOT_CLASS = YES_ERROR;
				CLANG_WARN_QUOTED_INCLUDE_IN_FRAMEWORK_HEADER = YES;
				CLANG_WARN_RANGE_LOOP_ANALYSIS = YES;
				CLANG_WARN_STRICT_PROTOTYPES = YES;
				CLANG_WARN_SUSPICIOUS_MOVE = YES;
				CLANG_WARN_UNGUARDED_AVAILABILITY = YES_AGGRESSIVE;
				CLANG_WARN_UNREACHABLE_CODE = YES;
				CLANG_WARN__DUPLICATE_METHOD_MATCH = YES;
				COPY_PHASE_STRIP = NO;
				DEBUG_INFORMATION_FORMAT = "dwarf-with-dsym";
				ENABLE_NS_ASSERTIONS = NO;
				ENABLE_STRICT_OBJC_MSGSEND = YES;
				GCC_C_LANGUAGE_STANDARD = gnu11;
				GCC_NO_COMMON_BLOCKS = YES;
				GCC_WARN_64_TO_32_BIT_CONVERSION = YES;
				GCC_WARN_ABOUT_RETURN_TYPE = YES_ERROR;
				GCC_WARN_UNDECLARED_SELECTOR = YES;
				GCC_WARN_UNINITIALIZED_AUTOS = YES_AGGRESSIVE;
				GCC_WARN_UNUSED_FUNCTION = YES;
				GCC_WARN_UNUSED_VARIABLE = YES;
				IPHONEOS_DEPLOYMENT_TARGET = 15.0;
				MTL_ENABLE_DEBUG_INFO = NO;
				MTL_FAST_MATH = YES;
				SDKROOT = iphoneos;
				SWIFT_COMPILATION_MODE = wholemodule;
				SWIFT_OPTIMIZATION_LEVEL = "-O";
				VALIDATE_PRODUCT = YES;
			};
			name = Release;
		};
		43AA8AF4286A3C36002E2504 /* Debug */ = {
			isa = XCBuildConfiguration;
			buildSettings = {
				ASSETCATALOG_COMPILER_APPICON_NAME = AppIcon;
				ASSETCATALOG_COMPILER_GLOBAL_ACCENT_COLOR_NAME = AccentColor;
				CODE_SIGN_STYLE = Automatic;
				CURRENT_PROJECT_VERSION = 1;
				GENERATE_INFOPLIST_FILE = YES;
				INFOPLIST_FILE = ToDoList/Info.plist;
				INFOPLIST_KEY_UIApplicationSupportsIndirectInputEvents = YES;
				INFOPLIST_KEY_UILaunchStoryboardName = LaunchScreen;
				INFOPLIST_KEY_UIMainStoryboardFile = Main;
				INFOPLIST_KEY_UISupportedInterfaceOrientations_iPad = "UIInterfaceOrientationPortrait UIInterfaceOrientationPortraitUpsideDown UIInterfaceOrientationLandscapeLeft UIInterfaceOrientationLandscapeRight";
				INFOPLIST_KEY_UISupportedInterfaceOrientations_iPhone = "UIInterfaceOrientationPortrait UIInterfaceOrientationLandscapeLeft UIInterfaceOrientationLandscapeRight";
				LD_RUNPATH_SEARCH_PATHS = (
					"$(inherited)",
					"@executable_path/Frameworks",
				);
				MARKETING_VERSION = 1.0;
				PRODUCT_BUNDLE_IDENTIFIER = kwk.ToDoList;
				PRODUCT_NAME = "$(TARGET_NAME)";
				SWIFT_EMIT_LOC_STRINGS = YES;
				SWIFT_VERSION = 5.0;
				TARGETED_DEVICE_FAMILY = "1,2";
			};
			name = Debug;
		};
		43AA8AF5286A3C36002E2504 /* Release */ = {
			isa = XCBuildConfiguration;
			buildSettings = {
				ASSETCATALOG_COMPILER_APPICON_NAME = AppIcon;
				ASSETCATALOG_COMPILER_GLOBAL_ACCENT_COLOR_NAME = AccentColor;
				CODE_SIGN_STYLE = Automatic;
				CURRENT_PROJECT_VERSION = 1;
				GENERATE_INFOPLIST_FILE = YES;
				INFOPLIST_FILE = ToDoList/Info.plist;
				INFOPLIST_KEY_UIApplicationSupportsIndirectInputEvents = YES;
				INFOPLIST_KEY_UILaunchStoryboardName = LaunchScreen;
				INFOPLIST_KEY_UIMainStoryboardFile = Main;
				INFOPLIST_KEY_UISupportedInterfaceOrientations_iPad = "UIInterfaceOrientationPortrait UIInterfaceOrientationPortraitUpsideDown UIInterfaceOrientationLandscapeLeft UIInterfaceOrientationLandscapeRight";
				INFOPLIST_KEY_UISupportedInterfaceOrientations_iPhone = "UIInterfaceOrientationPortrait UIInterfaceOrientationLandscapeLeft UIInterfaceOrientationLandscapeRight";
				LD_RUNPATH_SEARCH_PATHS = (
					"$(inherited)",
					"@executable_path/Frameworks",
				);
				MARKETING_VERSION = 1.0;
				PRODUCT_BUNDLE_IDENTIFIER = kwk.ToDoList;
				PRODUCT_NAME = "$(TARGET_NAME)";
				SWIFT_EMIT_LOC_STRINGS = YES;
				SWIFT_VERSION = 5.0;
				TARGETED_DEVICE_FAMILY = "1,2";
			};
			name = Release;
		};
		43AA8AF7286A3C36002E2504 /* Debug */ = {
			isa = XCBuildConfiguration;
			buildSettings = {
				ALWAYS_EMBED_SWIFT_STANDARD_LIBRARIES = YES;
				BUNDLE_LOADER = "$(TEST_HOST)";
				CODE_SIGN_STYLE = Automatic;
				CURRENT_PROJECT_VERSION = 1;
				GENERATE_INFOPLIST_FILE = YES;
				IPHONEOS_DEPLOYMENT_TARGET = 15.0;
				LD_RUNPATH_SEARCH_PATHS = (
					"$(inherited)",
					"@executable_path/Frameworks",
					"@loader_path/Frameworks",
				);
				MARKETING_VERSION = 1.0;
				PRODUCT_BUNDLE_IDENTIFIER = kwk.ToDoListTests;
				PRODUCT_NAME = "$(TARGET_NAME)";
				SWIFT_EMIT_LOC_STRINGS = NO;
				SWIFT_VERSION = 5.0;
				TARGETED_DEVICE_FAMILY = "1,2";
				TEST_HOST = "$(BUILT_PRODUCTS_DIR)/ToDoList.app/ToDoList";
			};
			name = Debug;
		};
		43AA8AF8286A3C36002E2504 /* Release */ = {
			isa = XCBuildConfiguration;
			buildSettings = {
				ALWAYS_EMBED_SWIFT_STANDARD_LIBRARIES = YES;
				BUNDLE_LOADER = "$(TEST_HOST)";
				CODE_SIGN_STYLE = Automatic;
				CURRENT_PROJECT_VERSION = 1;
				GENERATE_INFOPLIST_FILE = YES;
				IPHONEOS_DEPLOYMENT_TARGET = 15.0;
				LD_RUNPATH_SEARCH_PATHS = (
					"$(inherited)",
					"@executable_path/Frameworks",
					"@loader_path/Frameworks",
				);
				MARKETING_VERSION = 1.0;
				PRODUCT_BUNDLE_IDENTIFIER = kwk.ToDoListTests;
				PRODUCT_NAME = "$(TARGET_NAME)";
				SWIFT_EMIT_LOC_STRINGS = NO;
				SWIFT_VERSION = 5.0;
				TARGETED_DEVICE_FAMILY = "1,2";
				TEST_HOST = "$(BUILT_PRODUCTS_DIR)/ToDoList.app/ToDoList";
			};
			name = Release;
		};
		43AA8AFA286A3C36002E2504 /* Debug */ = {
			isa = XCBuildConfiguration;
			buildSettings = {
				ALWAYS_EMBED_SWIFT_STANDARD_LIBRARIES = YES;
				CODE_SIGN_STYLE = Automatic;
				CURRENT_PROJECT_VERSION = 1;
				GENERATE_INFOPLIST_FILE = YES;
				LD_RUNPATH_SEARCH_PATHS = (
					"$(inherited)",
					"@executable_path/Frameworks",
					"@loader_path/Frameworks",
				);
				MARKETING_VERSION = 1.0;
				PRODUCT_BUNDLE_IDENTIFIER = kwk.ToDoListUITests;
				PRODUCT_NAME = "$(TARGET_NAME)";
				SWIFT_EMIT_LOC_STRINGS = NO;
				SWIFT_VERSION = 5.0;
				TARGETED_DEVICE_FAMILY = "1,2";
				TEST_TARGET_NAME = ToDoList;
			};
			name = Debug;
		};
		43AA8AFB286A3C36002E2504 /* Release */ = {
			isa = XCBuildConfiguration;
			buildSettings = {
				ALWAYS_EMBED_SWIFT_STANDARD_LIBRARIES = YES;
				CODE_SIGN_STYLE = Automatic;
				CURRENT_PROJECT_VERSION = 1;
				GENERATE_INFOPLIST_FILE = YES;
				LD_RUNPATH_SEARCH_PATHS = (
					"$(inherited)",
					"@executable_path/Frameworks",
					"@loader_path/Frameworks",
				);
				MARKETING_VERSION = 1.0;
				PRODUCT_BUNDLE_IDENTIFIER = kwk.ToDoListUITests;
				PRODUCT_NAME = "$(TARGET_NAME)";
				SWIFT_EMIT_LOC_STRINGS = NO;
				SWIFT_VERSION = 5.0;
				TARGETED_DEVICE_FAMILY = "1,2";
				TEST_TARGET_NAME = ToDoList;
			};
			name = Release;
		};
/* End XCBuildConfiguration section */

/* Begin XCConfigurationList section */
		43AA8AC1286A3C34002E2504 /* Build configuration list for PBXProject "ToDoList" */ = {
			isa = XCConfigurationList;
			buildConfigurations = (
				43AA8AF1286A3C36002E2504 /* Debug */,
				43AA8AF2286A3C36002E2504 /* Release */,
			);
			defaultConfigurationIsVisible = 0;
			defaultConfigurationName = Release;
		};
		43AA8AF3286A3C36002E2504 /* Build configuration list for PBXNativeTarget "ToDoList" */ = {
			isa = XCConfigurationList;
			buildConfigurations = (
				43AA8AF4286A3C36002E2504 /* Debug */,
				43AA8AF5286A3C36002E2504 /* Release */,
			);
			defaultConfigurationIsVisible = 0;
			defaultConfigurationName = Release;
		};
		43AA8AF6286A3C36002E2504 /* Build configuration list for PBXNativeTarget "ToDoListTests" */ = {
			isa = XCConfigurationList;
			buildConfigurations = (
				43AA8AF7286A3C36002E2504 /* Debug */,
				43AA8AF8286A3C36002E2504 /* Release */,
			);
			defaultConfigurationIsVisible = 0;
			defaultConfigurationName = Release;
		};
		43AA8AF9286A3C36002E2504 /* Build configuration list for PBXNativeTarget "ToDoListUITests" */ = {
			isa = XCConfigurationList;
			buildConfigurations = (
				43AA8AFA286A3C36002E2504 /* Debug */,
				43AA8AFB286A3C36002E2504 /* Release */,
			);
			defaultConfigurationIsVisible = 0;
			defaultConfigurationName = Release;
		};
/* End XCConfigurationList section */

/* Begin XCVersionGroup section */
		43AA8AD2286A3C34002E2504 /* ToDoList.xcdatamodeld */ = {
			isa = XCVersionGroup;
			children = (
				43AA8AD3286A3C34002E2504 /* ToDoList.xcdatamodel */,
			);
			currentVersion = 43AA8AD3286A3C34002E2504 /* ToDoList.xcdatamodel */;
			path = ToDoList.xcdatamodeld;
			sourceTree = "<group>";
			versionGroupType = wrapper.xcdatamodel;
		};
/* End XCVersionGroup section */
	};
	rootObject = 43AA8ABE286A3C34002E2504 /* Project object */;
}
